
Microsoft Visual Studio Solution File, Format Version 12.00
# Visual Studio Version 17
VisualStudioVersion = 17.8.34408.163
MinimumVisualStudioVersion = 10.0.40219.1
Project("{FAE04EC0-301F-11D3-BF4B-00C04F79EFBC}") = "Mission11_Hermansen", "Mission11_Hermansen.csproj", "{CF634878-AD19-4312-A8AC-A467274B856A}"
EndProject
Global
	GlobalSection(SolutionConfigurationPlatforms) = preSolution
		Debug|Any CPU = Debug|Any CPU
		Release|Any CPU = Release|Any CPU
	EndGlobalSection
	GlobalSection(ProjectConfigurationPlatforms) = postSolution
		{CF634878-AD19-4312-A8AC-A467274B856A}.Debug|Any CPU.ActiveCfg = Debug|Any CPU
		{CF634878-AD19-4312-A8AC-A467274B856A}.Debug|Any CPU.Build.0 = Debug|Any CPU
		{CF634878-AD19-4312-A8AC-A467274B856A}.Release|Any CPU.ActiveCfg = Release|Any CPU
		{CF634878-AD19-4312-A8AC-A467274B856A}.Release|Any CPU.Build.0 = Release|Any CPU
	EndGlobalSection
	GlobalSection(SolutionProperties) = preSolution
		HideSolutionNode = FALSE
	EndGlobalSection
	GlobalSection(ExtensibilityGlobals) = postSolution
		SolutionGuid = {63AF33CA-DE16-41FD-8D66-035F7273D9F7}
	EndGlobalSection
EndGlobal
